
Microsoft Visual Studio Solution File, Format Version 12.00
# Visual Studio 15
VisualStudioVersion = 15.0.28010.2036
MinimumVisualStudioVersion = 10.0.40219.1
Project("{2150E333-8FDC-42A3-9474-1A3956D46DE8}") = "Client", "Client", "{C3A379C4-148A-4660-8F6E-9B8F8B8DD777}"
EndProject
Project("{2150E333-8FDC-42A3-9474-1A3956D46DE8}") = "Core", "Core", "{E4001351-407E-4E9E-9654-79635B5BB705}"
EndProject
Project("{2150E333-8FDC-42A3-9474-1A3956D46DE8}") = "Infrastructure", "Infrastructure", "{4D3C1339-AF46-4AF0-B9AB-D1373FFD39CE}"
EndProject
Project("{FAE04EC0-301F-11D3-BF4B-00C04F79EFBC}") = "EAuction.Core", "Auction.Core\EAuction.Core.csproj", "{F5D58F63-ADF1-400B-8E56-291116AF25D2}"
EndProject
Project("{FAE04EC0-301F-11D3-BF4B-00C04F79EFBC}") = "EAuction.Infrastructure", "Auction.Infrastructure\EAuction.Infrastructure.csproj", "{EE34C242-2597-4F41-9C6A-99287121A3D1}"
EndProject
Project("{FAE04EC0-301F-11D3-BF4B-00C04F79EFBC}") = "EAuction.ClientUI", "Auction.ClientUI\EAuction.ClientUI.csproj", "{4BAFF183-D7C5-43FA-A8B8-71F0565DE81B}"
EndProject
Project("{2150E333-8FDC-42A3-9474-1A3956D46DE8}") = "Client2", "Client2", "{B03D62FC-7553-45A2-B656-43E3E71592A6}"
EndProject
Project("{FAE04EC0-301F-11D3-BF4B-00C04F79EFBC}") = "EAuction.ClientTmp", "Auction.ClientTmp\EAuction.ClientTmp.csproj", "{2C197ACE-8C07-4404-A661-5FE87FFDFA68}"
EndProject
Global
	GlobalSection(SolutionConfigurationPlatforms) = preSolution
		Debug|Any CPU = Debug|Any CPU
		Release|Any CPU = Release|Any CPU
	EndGlobalSection
	GlobalSection(ProjectConfigurationPlatforms) = postSolution
		{F5D58F63-ADF1-400B-8E56-291116AF25D2}.Debug|Any CPU.ActiveCfg = Debug|Any CPU
		{F5D58F63-ADF1-400B-8E56-291116AF25D2}.Debug|Any CPU.Build.0 = Debug|Any CPU
		{F5D58F63-ADF1-400B-8E56-291116AF25D2}.Release|Any CPU.ActiveCfg = Release|Any CPU
		{F5D58F63-ADF1-400B-8E56-291116AF25D2}.Release|Any CPU.Build.0 = Release|Any CPU
		{EE34C242-2597-4F41-9C6A-99287121A3D1}.Debug|Any CPU.ActiveCfg = Debug|Any CPU
		{EE34C242-2597-4F41-9C6A-99287121A3D1}.Debug|Any CPU.Build.0 = Debug|Any CPU
		{EE34C242-2597-4F41-9C6A-99287121A3D1}.Release|Any CPU.ActiveCfg = Release|Any CPU
		{EE34C242-2597-4F41-9C6A-99287121A3D1}.Release|Any CPU.Build.0 = Release|Any CPU
		{4BAFF183-D7C5-43FA-A8B8-71F0565DE81B}.Debug|Any CPU.ActiveCfg = Debug|Any CPU
		{4BAFF183-D7C5-43FA-A8B8-71F0565DE81B}.Debug|Any CPU.Build.0 = Debug|Any CPU
		{4BAFF183-D7C5-43FA-A8B8-71F0565DE81B}.Release|Any CPU.ActiveCfg = Release|Any CPU
		{4BAFF183-D7C5-43FA-A8B8-71F0565DE81B}.Release|Any CPU.Build.0 = Release|Any CPU
		{2C197ACE-8C07-4404-A661-5FE87FFDFA68}.Debug|Any CPU.ActiveCfg = Debug|Any CPU
		{2C197ACE-8C07-4404-A661-5FE87FFDFA68}.Debug|Any CPU.Build.0 = Debug|Any CPU
		{2C197ACE-8C07-4404-A661-5FE87FFDFA68}.Release|Any CPU.ActiveCfg = Release|Any CPU
		{2C197ACE-8C07-4404-A661-5FE87FFDFA68}.Release|Any CPU.Build.0 = Release|Any CPU
	EndGlobalSection
	GlobalSection(SolutionProperties) = preSolution
		HideSolutionNode = FALSE
	EndGlobalSection
	GlobalSection(NestedProjects) = preSolution
		{F5D58F63-ADF1-400B-8E56-291116AF25D2} = {E4001351-407E-4E9E-9654-79635B5BB705}
		{EE34C242-2597-4F41-9C6A-99287121A3D1} = {4D3C1339-AF46-4AF0-B9AB-D1373FFD39CE}
		{4BAFF183-D7C5-43FA-A8B8-71F0565DE81B} = {C3A379C4-148A-4660-8F6E-9B8F8B8DD777}
		{2C197ACE-8C07-4404-A661-5FE87FFDFA68} = {B03D62FC-7553-45A2-B656-43E3E71592A6}
	EndGlobalSection
	GlobalSection(ExtensibilityGlobals) = postSolution
		SolutionGuid = {FAB92C17-2E89-4D5B-9167-CD13D3203952}
	EndGlobalSection
EndGlobal
